{
  "name": "libflacjs-test-audio-gen",
  "version": "0.1.0",
  "lockfileVersion": 1,
  "requires": true,
  "dependencies": {
    "wavefile": {
      "version": "git+https://github.com/rochars/wavefile.git#038bd4b289e1e5addc8947fe3a8e060c9017b809",
      "from": "git+https://github.com/rochars/wavefile.git#v11.0.0",
      "dev": true
    }
  }
}
